<Solution>
  <Folder Name="/docs/artifacts/">
    <File Path="docs\artifacts\.gitkeep" />
  </Folder>
  <Folder Name="/docs/features/">
    <File Path="docs\features\.gitkeep" />
  </Folder>
  <Folder Name="/docs/onboarding/">
    <File Path="docs\onboarding\.gitkeep" />
  </Folder>
  <Folder Name="/docs/plans/">
    <File Path="docs\plans\be-bootstrap.md" />
  </Folder>
  <Folder Name="/docs/shared/">
    <File Path="docs\shared\.gitkeep" />
  </Folder>
  <Folder Name="/docs/specifications/">
    <File Path="docs\specifications\02_Architettura_Enterprise.md" />
    <File Path="docs\specifications\03_Architettura_PoC.md" />
    <File Path="docs\specifications\04_Stima_Costi_Infrastruttura.md" />
  </Folder>
  <Folder Name="/ops/iac/">
    <File Path="ops\iac\.gitkeep" />
  </Folder>
  <Folder Name="/ops/pipelines/">
    <File Path="ops\pipelines\.gitkeep" />
  </Folder>
  <Folder Name="/src/Businesses/">
    <Project Path="src\Businesses\Internal.MeetingWasteKiller.Business\Internal.MeetingWasteKiller.Business.csproj" Type="Classic C#" />
  </Folder>
  <Folder Name="/src/Domains/">
    <Project Path="src\Domains\Internal.MeetingWasteKiller.Domain\Internal.MeetingWasteKiller.Domain.csproj" Type="Classic C#" />
  </Folder>
  <Folder Name="/src/Infrastructures/">
    <Project Path="src\Infrastructures\Internal.MeetingWasteKiller.SqlServer\Internal.MeetingWasteKiller.SqlServer.csproj" Type="Classic C#" />
  </Folder>
  <Folder Name="/src/Presentations/">
    <Project Path="src\Presentations\Internal.MeetingWasteKiller.Api\Internal.MeetingWasteKiller.Api.csproj" Type="Classic C#" />
  </Folder>
  <Folder Name="/src/Tests/">
    <Project Path="src\Tests\Internal.MeetingWasteKiller.BusinessTests\Internal.MeetingWasteKiller.BusinessTests.csproj" Type="Classic C#" />
  </Folder>
</Solution>